
Microsoft Visual Studio Solution File, Format Version 12.00
# Visual Studio Version 16
VisualStudioVersion = 16.0.30204.135
MinimumVisualStudioVersion = 10.0.40219.1
Project("{FAE04EC0-301F-11D3-BF4B-00C04F79EFBC}") = "HelloWorldTest098", "HelloWorldTest098\HelloWorldTest098.csproj", "{9B87D357-BF4A-4024-BBDA-2D27DA3C7145}"
EndProject
Global
	GlobalSection(SolutionConfigurationPlatforms) = preSolution
		Debug|Any CPU = Debug|Any CPU
		Release|Any CPU = Release|Any CPU
	EndGlobalSection
	GlobalSection(ProjectConfigurationPlatforms) = postSolution
		{9B87D357-BF4A-4024-BBDA-2D27DA3C7145}.Debug|Any CPU.ActiveCfg = Debug|Any CPU
		{9B87D357-BF4A-4024-BBDA-2D27DA3C7145}.Debug|Any CPU.Build.0 = Debug|Any CPU
		{9B87D357-BF4A-4024-BBDA-2D27DA3C7145}.Release|Any CPU.ActiveCfg = Release|Any CPU
		{9B87D357-BF4A-4024-BBDA-2D27DA3C7145}.Release|Any CPU.Build.0 = Release|Any CPU
	EndGlobalSection
	GlobalSection(SolutionProperties) = preSolution
		HideSolutionNode = FALSE
	EndGlobalSection
	GlobalSection(ExtensibilityGlobals) = postSolution
		SolutionGuid = {F5D7658C-AA24-400A-8121-DB6E09DD0464}
	EndGlobalSection
EndGlobal
